// !$*UTF8*$!
{
	archiveVersion = 1;
	classes = {
	};
	objectVersion = 46;
	objects = {

/* Begin PBXBuildFile section */
		78312DD21C123F040019C1BC /* MemeDetailViewController.swift in Sources */ = {isa = PBXBuildFile; fileRef = 78312DD11C123F040019C1BC /* MemeDetailViewController.swift */; };
		788B8EA91C10E10800620B08 /* AppDelegate.swift in Sources */ = {isa = PBXBuildFile; fileRef = 788B8EA81C10E10800620B08 /* AppDelegate.swift */; };
		788B8EAB1C10E10800620B08 /* ViewController.swift in Sources */ = {isa = PBXBuildFile; fileRef = 788B8EAA1C10E10800620B08 /* ViewController.swift */; };
		788B8EAE1C10E10800620B08 /* Main.storyboard in Resources */ = {isa = PBXBuildFile; fileRef = 788B8EAC1C10E10800620B08 /* Main.storyboard */; };
		788B8EB01C10E10800620B08 /* Assets.xcassets in Resources */ = {isa = PBXBuildFile; fileRef = 788B8EAF1C10E10800620B08 /* Assets.xcassets */; };
		788B8EB31C10E10800620B08 /* LaunchScreen.storyboard in Resources */ = {isa = PBXBuildFile; fileRef = 788B8EB11C10E10800620B08 /* LaunchScreen.storyboard */; };
		788B8EBC1C10E1AA00620B08 /* Meme.swift in Sources */ = {isa = PBXBuildFile; fileRef = 788B8EBA1C10E1AA00620B08 /* Meme.swift */; };
		788B8EBD1C10E1AA00620B08 /* TextFieldDelegate.swift in Sources */ = {isa = PBXBuildFile; fileRef = 788B8EBB1C10E1AA00620B08 /* TextFieldDelegate.swift */; };
		789BDBE91C121C8A00616B97 /* ListViewController.swift in Sources */ = {isa = PBXBuildFile; fileRef = 789BDBE81C121C8A00616B97 /* ListViewController.swift */; };
		789BDBEB1C121CF400616B97 /* CollectionViewController.swift in Sources */ = {isa = PBXBuildFile; fileRef = 789BDBEA1C121CF400616B97 /* CollectionViewController.swift */; };
		789BDBED1C121D5B00616B97 /* CollectionViewCell.swift in Sources */ = {isa = PBXBuildFile; fileRef = 789BDBEC1C121D5B00616B97 /* CollectionViewCell.swift */; };
/* End PBXBuildFile section */

/* Begin PBXFileReference section */
		78312DD11C123F040019C1BC /* MemeDetailViewController.swift */ = {isa = PBXFileReference; fileEncoding = 4; lastKnownFileType = sourcecode.swift; path = MemeDetailViewController.swift; sourceTree = "<group>"; };
		788B8EA51C10E10800620B08 /* MemeMe2.0.app */ = {isa = PBXFileReference; explicitFileType = wrapper.application; includeInIndex = 0; path = MemeMe2.0.app; sourceTree = BUILT_PRODUCTS_DIR; };
		788B8EA81C10E10800620B08 /* AppDelegate.swift */ = {isa = PBXFileReference; lastKnownFileType = sourcecode.swift; path = AppDelegate.swift; sourceTree = "<group>"; };
		788B8EAA1C10E10800620B08 /* ViewController.swift */ = {isa = PBXFileReference; lastKnownFileType = sourcecode.swift; path = ViewController.swift; sourceTree = "<group>"; };
		788B8EAD1C10E10800620B08 /* Base */ = {isa = PBXFileReference; lastKnownFileType = file.storyboard; name = Base; path = Base.lproj/Main.storyboard; sourceTree = "<group>"; };
		788B8EAF1C10E10800620B08 /* Assets.xcassets */ = {isa = PBXFileReference; lastKnownFileType = folder.assetcatalog; path = Assets.xcassets; sourceTree = "<group>"; };
		788B8EB21C10E10800620B08 /* Base */ = {isa = PBXFileReference; lastKnownFileType = file.storyboard; name = Base; path = Base.lproj/LaunchScreen.storyboard; sourceTree = "<group>"; };
		788B8EB41C10E10800620B08 /* Info.plist */ = {isa = PBXFileReference; lastKnownFileType = text.plist.xml; path = Info.plist; sourceTree = "<group>"; };
		788B8EBA1C10E1AA00620B08 /* Meme.swift */ = {isa = PBXFileReference; fileEncoding = 4; lastKnownFileType = sourcecode.swift; path = Meme.swift; sourceTree = "<group>"; };
		788B8EBB1C10E1AA00620B08 /* TextFieldDelegate.swift */ = {isa = PBXFileReference; fileEncoding = 4; lastKnownFileType = sourcecode.swift; path = TextFieldDelegate.swift; sourceTree = "<group>"; };
		789BDBE81C121C8A00616B97 /* ListViewController.swift */ = {isa = PBXFileReference; fileEncoding = 4; lastKnownFileType = sourcecode.swift; path = ListViewController.swift; sourceTree = "<group>"; };
		789BDBEA1C121CF400616B97 /* CollectionViewController.swift */ = {isa = PBXFileReference; fileEncoding = 4; lastKnownFileType = sourcecode.swift; path = CollectionViewController.swift; sourceTree = "<group>"; };
		789BDBEC1C121D5B00616B97 /* CollectionViewCell.swift */ = {isa = PBXFileReference; fileEncoding = 4; lastKnownFileType = sourcecode.swift; path = CollectionViewCell.swift; sourceTree = "<group>"; };
/* End PBXFileReference section */

/* Begin PBXFrameworksBuildPhase section */
		788B8EA21C10E10800620B08 /* Frameworks */ = {
			isa = PBXFrameworksBuildPhase;
			buildActionMask = 2147483647;
			files = (
			);
			runOnlyForDeploymentPostprocessing = 0;
		};
/* End PBXFrameworksBuildPhase section */

/* Begin PBXGroup section */
		788B8E9C1C10E10800620B08 = {
			isa = PBXGroup;
			children = (
				788B8EA71C10E10800620B08 /* MemeMe2.0 */,
				788B8EA61C10E10800620B08 /* Products */,
			);
			sourceTree = "<group>";
		};
		788B8EA61C10E10800620B08 /* Products */ = {
			isa = PBXGroup;
			children = (
				788B8EA51C10E10800620B08 /* MemeMe2.0.app */,
			);
			name = Products;
			sourceTree = "<group>";
		};
		788B8EA71C10E10800620B08 /* MemeMe2.0 */ = {
			isa = PBXGroup;
			children = (
				788B8EBE1C10E1B300620B08 /* Delegates */,
				788B8EA81C10E10800620B08 /* AppDelegate.swift */,
				789BDBEA1C121CF400616B97 /* CollectionViewController.swift */,
				789BDBEC1C121D5B00616B97 /* CollectionViewCell.swift */,
				788B8EBA1C10E1AA00620B08 /* Meme.swift */,
				78312DD11C123F040019C1BC /* MemeDetailViewController.swift */,
				789BDBE81C121C8A00616B97 /* ListViewController.swift */,
				788B8EAA1C10E10800620B08 /* ViewController.swift */,
				788B8EAC1C10E10800620B08 /* Main.storyboard */,
				788B8EAF1C10E10800620B08 /* Assets.xcassets */,
				788B8EB11C10E10800620B08 /* LaunchScreen.storyboard */,
				788B8EB41C10E10800620B08 /* Info.plist */,
			);
			path = MemeMe2.0;
			sourceTree = "<group>";
		};
		788B8EBE1C10E1B300620B08 /* Delegates */ = {
			isa = PBXGroup;
			children = (
				788B8EBB1C10E1AA00620B08 /* TextFieldDelegate.swift */,
			);
			name = Delegates;
			sourceTree = "<group>";
		};
/* End PBXGroup section */

/* Begin PBXNativeTarget section */
		788B8EA41C10E10800620B08 /* MemeMe2.0 */ = {
			isa = PBXNativeTarget;
			buildConfigurationList = 788B8EB71C10E10800620B08 /* Build configuration list for PBXNativeTarget "MemeMe2.0" */;
			buildPhases = (
				788B8EA11C10E10800620B08 /* Sources */,
				788B8EA21C10E10800620B08 /* Frameworks */,
				788B8EA31C10E10800620B08 /* Resources */,
			);
			buildRules = (
			);
			dependencies = (
			);
			name = MemeMe2.0;
			productName = MemeMe2.0;
			productReference = 788B8EA51C10E10800620B08 /* MemeMe2.0.app */;
			productType = "com.apple.product-type.application";
		};
/* End PBXNativeTarget section */

/* Begin PBXProject section */
		788B8E9D1C10E10800620B08 /* Project object */ = {
			isa = PBXProject;
			attributes = {
				LastSwiftUpdateCheck = 0710;
				LastUpgradeCheck = 0710;
				ORGANIZATIONNAME = "Scott Knutti";
				TargetAttributes = {
					788B8EA41C10E10800620B08 = {
						CreatedOnToolsVersion = 7.1.1;
						DevelopmentTeam = Y95VH73A2X;
					};
				};
			};
			buildConfigurationList = 788B8EA01C10E10800620B08 /* Build configuration list for PBXProject "MemeMe2.0" */;
			compatibilityVersion = "Xcode 3.2";
			developmentRegion = English;
			hasScannedForEncodings = 0;
			knownRegions = (
				en,
				Base,
			);
			mainGroup = 788B8E9C1C10E10800620B08;
			productRefGroup = 788B8EA61C10E10800620B08 /* Products */;
			projectDirPath = "";
			projectRoot = "";
			targets = (
				788B8EA41C10E10800620B08 /* MemeMe2.0 */,
			);
		};
/* End PBXProject section */

/* Begin PBXResourcesBuildPhase section */
		788B8EA31C10E10800620B08 /* Resources */ = {
			isa = PBXResourcesBuildPhase;
			buildActionMask = 2147483647;
			files = (
				788B8EB31C10E10800620B08 /* LaunchScreen.storyboard in Resources */,
				788B8EB01C10E10800620B08 /* Assets.xcassets in Resources */,
				788B8EAE1C10E10800620B08 /* Main.storyboard in Resources */,
			);
			runOnlyForDeploymentPostprocessing = 0;
		};
/* End PBXResourcesBuildPhase section */

/* Begin PBXSourcesBuildPhase section */
		788B8EA11C10E10800620B08 /* Sources */ = {
			isa = PBXSourcesBuildPhase;
			buildActionMask = 2147483647;
			files = (
				789BDBEB1C121CF400616B97 /* CollectionViewController.swift in Sources */,
				788B8EBC1C10E1AA00620B08 /* Meme.swift in Sources */,
				788B8EAB1C10E10800620B08 /* ViewController.swift in Sources */,
				789BDBED1C121D5B00616B97 /* CollectionViewCell.swift in Sources */,
				788B8EBD1C10E1AA00620B08 /* TextFieldDelegate.swift in Sources */,
				789BDBE91C121C8A00616B97 /* ListViewController.swift in Sources */,
				788B8EA91C10E10800620B08 /* AppDelegate.swift in Sources */,
				78312DD21C123F040019C1BC /* MemeDetailViewController.swift in Sources */,
			);
			runOnlyForDeploymentPostprocessing = 0;
		};
/* End PBXSourcesBuildPhase section */

/* Begin PBXVariantGroup section */
		788B8EAC1C10E10800620B08 /* Main.storyboard */ = {
			isa = PBXVariantGroup;
			children = (
				788B8EAD1C10E10800620B08 /* Base */,
			);
			name = Main.storyboard;
			sourceTree = "<group>";
		};
		788B8EB11C10E10800620B08 /* LaunchScreen.storyboard */ = {
			isa = PBXVariantGroup;
			children = (
				788B8EB21C10E10800620B08 /* Base */,
			);
			name = LaunchScreen.storyboard;
			sourceTree = "<group>";
		};
/* End PBXVariantGroup section */

/* Begin XCBuildConfiguration section */
		788B8EB51C10E10800620B08 /* Debug */ = {
			isa = XCBuildConfiguration;
			buildSettings = {
				ALWAYS_SEARCH_USER_PATHS = NO;
				CLANG_CXX_LANGUAGE_STANDARD = "gnu++0x";
				CLANG_CXX_LIBRARY = "libc++";
				CLANG_ENABLE_MODULES = YES;
				CLANG_ENABLE_OBJC_ARC = YES;
				CLANG_WARN_BOOL_CONVERSION = YES;
				CLANG_WARN_CONSTANT_CONVERSION = YES;
				CLANG_WARN_DIRECT_OBJC_ISA_USAGE = YES_ERROR;
				CLANG_WARN_EMPTY_BODY = YES;
				CLANG_WARN_ENUM_CONVERSION = YES;
				CLANG_WARN_INT_CONVERSION = YES;
				CLANG_WARN_OBJC_ROOT_CLASS = YES_ERROR;
				CLANG_WARN_UNREACHABLE_CODE = YES;
				CLANG_WARN__DUPLICATE_METHOD_MATCH = YES;
				"CODE_SIGN_IDENTITY[sdk=iphoneos*]" = "iPhone Developer";
				COPY_PHASE_STRIP = NO;
				DEBUG_INFORMATION_FORMAT = dwarf;
				ENABLE_STRICT_OBJC_MSGSEND = YES;
				ENABLE_TESTABILITY = YES;
				GCC_C_LANGUAGE_STANDARD = gnu99;
				GCC_DYNAMIC_NO_PIC = NO;
				GCC_NO_COMMON_BLOCKS = YES;
				GCC_OPTIMIZATION_LEVEL = 0;
				GCC_PREPROCESSOR_DEFINITIONS = (
					"DEBUG=1",
					"$(inherited)",
				);
				GCC_WARN_64_TO_32_BIT_CONVERSION = YES;
				GCC_WARN_ABOUT_RETURN_TYPE = YES_ERROR;
				GCC_WARN_UNDECLARED_SELECTOR = YES;
				GCC_WARN_UNINITIALIZED_AUTOS = YES_AGGRESSIVE;
				GCC_WARN_UNUSED_FUNCTION = YES;
				GCC_WARN_UNUSED_VARIABLE = YES;
				IPHONEOS_DEPLOYMENT_TARGET = 9.1;
				MTL_ENABLE_DEBUG_INFO = YES;
				ONLY_ACTIVE_ARCH = YES;
				SDKROOT = iphoneos;
				SWIFT_OPTIMIZATION_LEVEL = "-Onone";
				TARGETED_DEVICE_FAMILY = "1,2";
			};
			name = Debug;
		};
		788B8EB61C10E10800620B08 /* Release */ = {
			isa = XCBuildConfiguration;
			buildSettings = {
				ALWAYS_SEARCH_USER_PATHS = NO;
				CLANG_CXX_LANGUAGE_STANDARD = "gnu++0x";
				CLANG_CXX_LIBRARY = "libc++";
				CLANG_ENABLE_MODULES = YES;
				CLANG_ENABLE_OBJC_ARC = YES;
				CLANG_WARN_BOOL_CONVERSION = YES;
				CLANG_WARN_CONSTANT_CONVERSION = YES;
				CLANG_WARN_DIRECT_OBJC_ISA_USAGE = YES_ERROR;
				CLANG_WARN_EMPTY_BODY = YES;
				CLANG_WARN_ENUM_CONVERSION = YES;
				CLANG_WARN_INT_CONVERSION = YES;
				CLANG_WARN_OBJC_ROOT_CLASS = YES_ERROR;
				CLANG_WARN_UNREACHABLE_CODE = YES;
				CLANG_WARN__DUPLICATE_METHOD_MATCH = YES;
				"CODE_SIGN_IDENTITY[sdk=iphoneos*]" = "iPhone Developer";
				COPY_PHASE_STRIP = NO;
				DEBUG_INFORMATION_FORMAT = "dwarf-with-dsym";
				ENABLE_NS_ASSERTIONS = NO;
				ENABLE_STRICT_OBJC_MSGSEND = YES;
				GCC_C_LANGUAGE_STANDARD = gnu99;
				GCC_NO_COMMON_BLOCKS = YES;
				GCC_WARN_64_TO_32_BIT_CONVERSION = YES;
				GCC_WARN_ABOUT_RETURN_TYPE = YES_ERROR;
				GCC_WARN_UNDECLARED_SELECTOR = YES;
				GCC_WARN_UNINITIALIZED_AUTOS = YES_AGGRESSIVE;
				GCC_WARN_UNUSED_FUNCTION = YES;
				GCC_WARN_UNUSED_VARIABLE = YES;
				IPHONEOS_DEPLOYMENT_TARGET = 9.1;
				MTL_ENABLE_DEBUG_INFO = NO;
				SDKROOT = iphoneos;
				TARGETED_DEVICE_FAMILY = "1,2";
				VALIDATE_PRODUCT = YES;
			};
			name = Release;
		};
		788B8EB81C10E10800620B08 /* Debug */ = {
			isa = XCBuildConfiguration;
			buildSettings = {
				ASSETCATALOG_COMPILER_APPICON_NAME = AppIcon;
				INFOPLIST_FILE = MemeMe2.0/Info.plist;
				LD_RUNPATH_SEARCH_PATHS = "$(inherited) @executable_path/Frameworks";
				PRODUCT_BUNDLE_IDENTIFIER = "com.canoeteelabs.MemeMe2-0";
				PRODUCT_NAME = "$(TARGET_NAME)";
			};
			name = Debug;
		};
		788B8EB91C10E10800620B08 /* Release */ = {
			isa = XCBuildConfiguration;
			buildSettings = {
				ASSETCATALOG_COMPILER_APPICON_NAME = AppIcon;
				INFOPLIST_FILE = MemeMe2.0/Info.plist;
				LD_RUNPATH_SEARCH_PATHS = "$(inherited) @executable_path/Frameworks";
				PRODUCT_BUNDLE_IDENTIFIER = "com.canoeteelabs.MemeMe2-0";
				PRODUCT_NAME = "$(TARGET_NAME)";
			};
			name = Release;
		};
/* End XCBuildConfiguration section */

/* Begin XCConfigurationList section */
		788B8EA01C10E10800620B08 /* Build configuration list for PBXProject "MemeMe2.0" */ = {
			isa = XCConfigurationList;
			buildConfigurations = (
				788B8EB51C10E10800620B08 /* Debug */,
				788B8EB61C10E10800620B08 /* Release */,
			);
			defaultConfigurationIsVisible = 0;
			defaultConfigurationName = Release;
		};
		788B8EB71C10E10800620B08 /* Build configuration list for PBXNativeTarget "MemeMe2.0" */ = {
			isa = XCConfigurationList;
			buildConfigurations = (
				788B8EB81C10E10800620B08 /* Debug */,
				788B8EB91C10E10800620B08 /* Release */,
			);
			defaultConfigurationIsVisible = 0;
			defaultConfigurationName = Release;
		};
/* End XCConfigurationList section */
	};
	rootObject = 788B8E9D1C10E10800620B08 /* Project object */;
}
